
Microsoft Visual Studio Solution File, Format Version 12.00
# Visual Studio Version 16
VisualStudioVersion = 16.0.30503.244
MinimumVisualStudioVersion = 10.0.40219.1
Project("{FAE04EC0-301F-11D3-BF4B-00C04F79EFBC}") = "SimpleWebAPIWithEF", "SimpleWebAPIWithEF\SimpleWebAPIWithEF.csproj", "{47F95F52-2C96-4FC1-8198-7E4E2D6C1FFC}"
EndProject
Global
	GlobalSection(SolutionConfigurationPlatforms) = preSolution
		Debug|Any CPU = Debug|Any CPU
		Release|Any CPU = Release|Any CPU
	EndGlobalSection
	GlobalSection(ProjectConfigurationPlatforms) = postSolution
		{47F95F52-2C96-4FC1-8198-7E4E2D6C1FFC}.Debug|Any CPU.ActiveCfg = Debug|Any CPU
		{47F95F52-2C96-4FC1-8198-7E4E2D6C1FFC}.Debug|Any CPU.Build.0 = Debug|Any CPU
		{47F95F52-2C96-4FC1-8198-7E4E2D6C1FFC}.Release|Any CPU.ActiveCfg = Release|Any CPU
		{47F95F52-2C96-4FC1-8198-7E4E2D6C1FFC}.Release|Any CPU.Build.0 = Release|Any CPU
	EndGlobalSection
	GlobalSection(SolutionProperties) = preSolution
		HideSolutionNode = FALSE
	EndGlobalSection
	GlobalSection(ExtensibilityGlobals) = postSolution
		SolutionGuid = {A66B1081-CDE6-4095-85AE-BA65FE82723B}
	EndGlobalSection
EndGlobal
